
Microsoft Visual Studio Solution File, Format Version 12.00
# Visual Studio 15
VisualStudioVersion = 15.0.28307.1000
MinimumVisualStudioVersion = 10.0.40219.1
Project("{FAE04EC0-301F-11D3-BF4B-00C04F79EFBC}") = "Ejercicio02", "Ejercicio02\Ejercicio02.csproj", "{06266CE0-DDB3-40F7-8C1F-F01633EB9225}"
EndProject
Global
	GlobalSection(SolutionConfigurationPlatforms) = preSolution
		Debug|Any CPU = Debug|Any CPU
		Release|Any CPU = Release|Any CPU
	EndGlobalSection
	GlobalSection(ProjectConfigurationPlatforms) = postSolution
		{06266CE0-DDB3-40F7-8C1F-F01633EB9225}.Debug|Any CPU.ActiveCfg = Debug|Any CPU
		{06266CE0-DDB3-40F7-8C1F-F01633EB9225}.Debug|Any CPU.Build.0 = Debug|Any CPU
		{06266CE0-DDB3-40F7-8C1F-F01633EB9225}.Release|Any CPU.ActiveCfg = Release|Any CPU
		{06266CE0-DDB3-40F7-8C1F-F01633EB9225}.Release|Any CPU.Build.0 = Release|Any CPU
	EndGlobalSection
	GlobalSection(SolutionProperties) = preSolution
		HideSolutionNode = FALSE
	EndGlobalSection
	GlobalSection(ExtensibilityGlobals) = postSolution
		SolutionGuid = {4101892B-80C1-492C-9BFA-D07C5619FEEF}
	EndGlobalSection
EndGlobal
